<?xml version="1.0" encoding="utf-8"?>
<Project ToolsVersion="16.0" xmlns="http://schemas.microsoft.com/developer/msbuild/2003">
  <ItemGroup>
    <ClCompile Include="C:\Users\yjs\Downloads\opencv-4.0.0\modules\imgproc\src\accum.cpp">
      <Filter>Src</Filter>
    </ClCompile>
    <ClCompile Include="C:\Users\yjs\Downloads\opencv-4.0.0\modules\imgproc\src\accum.dispatch.cpp">
      <Filter>Src</Filter>
    </ClCompile>
    <ClCompile Include="C:\Users\yjs\Downloads\opencv-4.0.0\modules\imgproc\src\approx.cpp">
      <Filter>Src</Filter>
    </ClCompile>
    <ClCompile Include="C:\Users\yjs\Downloads\opencv-4.0.0\modules\imgproc\src\bilateral_filter.cpp">
      <Filter>Src</Filter>
    </ClCompile>
    <ClCompile Include="C:\Users\yjs\Downloads\opencv-4.0.0\modules\imgproc\src\blend.cpp">
      <Filter>Src</Filter>
    </ClCompile>
    <ClCompile Include="C:\Users\yjs\Downloads\opencv-4.0.0\modules\imgproc\src\box_filter.cpp">
      <Filter>Src</Filter>
    </ClCompile>
    <ClCompile Include="C:\Users\yjs\Downloads\opencv-4.0.0\modules\imgproc\src\canny.cpp">
      <Filter>Src</Filter>
    </ClCompile>
    <ClCompile Include="C:\Users\yjs\Downloads\opencv-4.0.0\modules\imgproc\src\clahe.cpp">
      <Filter>Src</Filter>
    </ClCompile>
    <ClCompile Include="C:\Users\yjs\Downloads\opencv-4.0.0\modules\imgproc\src\color.cpp">
      <Filter>Src</Filter>
    </ClCompile>
    <ClCompile Include="C:\Users\yjs\Downloads\opencv-4.0.0\modules\imgproc\src\color_hsv.cpp">
      <Filter>Src</Filter>
    </ClCompile>
    <ClCompile Include="C:\Users\yjs\Downloads\opencv-4.0.0\modules\imgproc\src\color_lab.cpp">
      <Filter>Src</Filter>
    </ClCompile>
    <ClCompile Include="C:\Users\yjs\Downloads\opencv-4.0.0\modules\imgproc\src\color_rgb.cpp">
      <Filter>Src</Filter>
    </ClCompile>
    <ClCompile Include="C:\Users\yjs\Downloads\opencv-4.0.0\modules\imgproc\src\color_yuv.cpp">
      <Filter>Src</Filter>
    </ClCompile>
    <ClCompile Include="C:\Users\yjs\Downloads\opencv-4.0.0\modules\imgproc\src\colormap.cpp">
      <Filter>Src</Filter>
    </ClCompile>
    <ClCompile Include="C:\Users\yjs\Downloads\opencv-4.0.0\modules\imgproc\src\connectedcomponents.cpp">
      <Filter>Src</Filter>
    </ClCompile>
    <ClCompile Include="C:\Users\yjs\Downloads\opencv-4.0.0\modules\imgproc\src\contours.cpp">
      <Filter>Src</Filter>
    </ClCompile>
    <ClCompile Include="C:\Users\yjs\Downloads\opencv-4.0.0\modules\imgproc\src\convhull.cpp">
      <Filter>Src</Filter>
    </ClCompile>
    <ClCompile Include="C:\Users\yjs\Downloads\opencv-4.0.0\modules\imgproc\src\corner.cpp">
      <Filter>Src</Filter>
    </ClCompile>
    <ClCompile Include="C:\Users\yjs\Downloads\opencv-4.0.0\modules\imgproc\src\cornersubpix.cpp">
      <Filter>Src</Filter>
    </ClCompile>
    <ClCompile Include="C:\Users\yjs\Downloads\opencv-4.0.0\modules\imgproc\src\demosaicing.cpp">
      <Filter>Src</Filter>
    </ClCompile>
    <ClCompile Include="C:\Users\yjs\Downloads\opencv-4.0.0\modules\imgproc\src\deriv.cpp">
      <Filter>Src</Filter>
    </ClCompile>
    <ClCompile Include="C:\Users\yjs\Downloads\opencv-4.0.0\modules\imgproc\src\distransform.cpp">
      <Filter>Src</Filter>
    </ClCompile>
    <ClCompile Include="C:\Users\yjs\Downloads\opencv-4.0.0\modules\imgproc\src\drawing.cpp">
      <Filter>Src</Filter>
    </ClCompile>
    <ClCompile Include="C:\Users\yjs\Downloads\opencv-4.0.0\modules\imgproc\src\emd.cpp">
      <Filter>Src</Filter>
    </ClCompile>
    <ClCompile Include="C:\Users\yjs\Downloads\opencv-4.0.0\modules\imgproc\src\featureselect.cpp">
      <Filter>Src</Filter>
    </ClCompile>
    <ClCompile Include="C:\Users\yjs\Downloads\opencv-4.0.0\modules\imgproc\src\filter.cpp">
      <Filter>Src</Filter>
    </ClCompile>
    <ClCompile Include="C:\Users\yjs\Downloads\opencv-4.0.0\modules\imgproc\src\floodfill.cpp">
      <Filter>Src</Filter>
    </ClCompile>
    <ClCompile Include="C:\Users\yjs\Downloads\opencv-4.0.0\modules\imgproc\src\gabor.cpp">
      <Filter>Src</Filter>
    </ClCompile>
    <ClCompile Include="C:\Users\yjs\Downloads\opencv-4.0.0\modules\imgproc\src\generalized_hough.cpp">
      <Filter>Src</Filter>
    </ClCompile>
    <ClCompile Include="C:\Users\yjs\Downloads\opencv-4.0.0\modules\imgproc\src\geometry.cpp">
      <Filter>Src</Filter>
    </ClCompile>
    <ClCompile Include="C:\Users\yjs\Downloads\opencv-4.0.0\modules\imgproc\src\grabcut.cpp">
      <Filter>Src</Filter>
    </ClCompile>
    <ClCompile Include="C:\Users\yjs\Downloads\opencv-4.0.0\modules\imgproc\src\hershey_fonts.cpp">
      <Filter>Src</Filter>
    </ClCompile>
    <ClCompile Include="C:\Users\yjs\Downloads\opencv-4.0.0\modules\imgproc\src\histogram.cpp">
      <Filter>Src</Filter>
    </ClCompile>
    <ClCompile Include="C:\Users\yjs\Downloads\opencv-4.0.0\modules\imgproc\src\hough.cpp">
      <Filter>Src</Filter>
    </ClCompile>
    <ClCompile Include="C:\Users\yjs\Downloads\opencv-4.0.0\modules\imgproc\src\imgwarp.cpp">
      <Filter>Src</Filter>
    </ClCompile>
    <ClCompile Include="C:\Users\yjs\Downloads\opencv-4.0.0\modules\imgproc\src\intersection.cpp">
      <Filter>Src</Filter>
    </ClCompile>
    <ClCompile Include="C:\Users\yjs\Downloads\opencv-4.0.0\modules\imgproc\src\linefit.cpp">
      <Filter>Src</Filter>
    </ClCompile>
    <ClCompile Include="C:\Users\yjs\Downloads\opencv-4.0.0\modules\imgproc\src\lsd.cpp">
      <Filter>Src</Filter>
    </ClCompile>
    <ClCompile Include="C:\Users\yjs\Downloads\opencv-4.0.0\modules\imgproc\src\main.cpp">
      <Filter>Src</Filter>
    </ClCompile>
    <ClCompile Include="C:\Users\yjs\Downloads\opencv-4.0.0\modules\imgproc\src\matchcontours.cpp">
      <Filter>Src</Filter>
    </ClCompile>
    <ClCompile Include="C:\Users\yjs\Downloads\opencv-4.0.0\modules\imgproc\src\median_blur.cpp">
      <Filter>Src</Filter>
    </ClCompile>
    <ClCompile Include="C:\Users\yjs\Downloads\opencv-4.0.0\modules\imgproc\src\min_enclosing_triangle.cpp">
      <Filter>Src</Filter>
    </ClCompile>
    <ClCompile Include="C:\Users\yjs\Downloads\opencv-4.0.0\modules\imgproc\src\moments.cpp">
      <Filter>Src</Filter>
    </ClCompile>
    <ClCompile Include="C:\Users\yjs\Downloads\opencv-4.0.0\modules\imgproc\src\morph.cpp">
      <Filter>Src</Filter>
    </ClCompile>
    <ClCompile Include="C:\Users\yjs\Downloads\opencv-4.0.0\modules\imgproc\src\phasecorr.cpp">
      <Filter>Src</Filter>
    </ClCompile>
    <ClCompile Include="C:\Users\yjs\Downloads\opencv-4.0.0\modules\imgproc\src\pyramids.cpp">
      <Filter>Src</Filter>
    </ClCompile>
    <ClCompile Include="C:\Users\yjs\Downloads\opencv-4.0.0\modules\imgproc\src\resize.cpp">
      <Filter>Src</Filter>
    </ClCompile>
    <ClCompile Include="C:\Users\yjs\Downloads\opencv-4.0.0\modules\imgproc\src\rotcalipers.cpp">
      <Filter>Src</Filter>
    </ClCompile>
    <ClCompile Include="C:\Users\yjs\Downloads\opencv-4.0.0\modules\imgproc\src\samplers.cpp">
      <Filter>Src</Filter>
    </ClCompile>
    <ClCompile Include="C:\Users\yjs\Downloads\opencv-4.0.0\modules\imgproc\src\segmentation.cpp">
      <Filter>Src</Filter>
    </ClCompile>
    <ClCompile Include="C:\Users\yjs\Downloads\opencv-4.0.0\modules\imgproc\src\shapedescr.cpp">
      <Filter>Src</Filter>
    </ClCompile>
    <ClCompile Include="C:\Users\yjs\Downloads\opencv-4.0.0\modules\imgproc\src\smooth.cpp">
      <Filter>Src</Filter>
    </ClCompile>
    <ClCompile Include="C:\Users\yjs\Downloads\opencv-4.0.0\modules\imgproc\src\spatialgradient.cpp">
      <Filter>Src</Filter>
    </ClCompile>
    <ClCompile Include="C:\Users\yjs\Downloads\opencv-4.0.0\modules\imgproc\src\subdivision2d.cpp">
      <Filter>Src</Filter>
    </ClCompile>
    <ClCompile Include="C:\Users\yjs\Downloads\opencv-4.0.0\modules\imgproc\src\sumpixels.cpp">
      <Filter>Src</Filter>
    </ClCompile>
    <ClCompile Include="C:\Users\yjs\Downloads\opencv-4.0.0\modules\imgproc\src\tables.cpp">
      <Filter>Src</Filter>
    </ClCompile>
    <ClCompile Include="C:\Users\yjs\Downloads\opencv-4.0.0\modules\imgproc\src\templmatch.cpp">
      <Filter>Src</Filter>
    </ClCompile>
    <ClCompile Include="C:\Users\yjs\Downloads\opencv-4.0.0\modules\imgproc\src\thresh.cpp">
      <Filter>Src</Filter>
    </ClCompile>
    <ClCompile Include="C:\Users\yjs\Downloads\opencv-4.0.0\modules\imgproc\src\utils.cpp">
      <Filter>Src</Filter>
    </ClCompile>
    <ClCompile Include="C:\Users\yjs\Downloads\opencv-4.0.0\build\modules\imgproc\opencl_kernels_imgproc.cpp">
      <Filter>Src\opencl\kernels\autogenerated</Filter>
    </ClCompile>
    <ClCompile Include="C:\Users\yjs\Downloads\opencv-4.0.0\build\modules\imgproc\opencv_imgproc_pch.cpp">
      <Filter>Src</Filter>
    </ClCompile>
    <ClCompile Include="C:\Users\yjs\Downloads\opencv-4.0.0\build\modules\imgproc\opencv_imgproc_main.cpp">
      <Filter>Source Files</Filter>
    </ClCompile>
  </ItemGroup>
  <ItemGroup>
    <ClInclude Include="C:\Users\yjs\Downloads\opencv-4.0.0\modules\imgproc\include\opencv2\imgproc.hpp">
      <Filter>Include\opencv2</Filter>
    </ClInclude>
    <ClInclude Include="C:\Users\yjs\Downloads\opencv-4.0.0\modules\imgproc\include\opencv2\imgproc\hal\hal.hpp">
      <Filter>Include\opencv2\imgproc\hal</Filter>
    </ClInclude>
    <ClInclude Include="C:\Users\yjs\Downloads\opencv-4.0.0\modules\imgproc\include\opencv2\imgproc\hal\interface.h">
      <Filter>Include\opencv2\imgproc\hal</Filter>
    </ClInclude>
    <ClInclude Include="C:\Users\yjs\Downloads\opencv-4.0.0\modules\imgproc\include\opencv2\imgproc\imgproc.hpp">
      <Filter>Include\opencv2\imgproc</Filter>
    </ClInclude>
    <ClInclude Include="C:\Users\yjs\Downloads\opencv-4.0.0\modules\imgproc\include\opencv2\imgproc\imgproc_c.h">
      <Filter>Include\opencv2\imgproc</Filter>
    </ClInclude>
    <ClInclude Include="C:\Users\yjs\Downloads\opencv-4.0.0\modules\imgproc\include\opencv2\imgproc\types_c.h">
      <Filter>Include\opencv2\imgproc</Filter>
    </ClInclude>
    <ClInclude Include="C:\Users\yjs\Downloads\opencv-4.0.0\modules\imgproc\include\opencv2\imgproc\detail\gcgraph.hpp">
      <Filter>Include\opencv2\imgproc\detail</Filter>
    </ClInclude>
    <ClInclude Include="C:\Users\yjs\Downloads\opencv-4.0.0\build\modules\imgproc\opencl_kernels_imgproc.hpp">
      <Filter>Src\opencl\kernels\autogenerated</Filter>
    </ClInclude>
    <ClInclude Include="C:\Users\yjs\Downloads\opencv-4.0.0\modules\imgproc\src\_geom.h">
      <Filter>Src</Filter>
    </ClInclude>
    <ClInclude Include="C:\Users\yjs\Downloads\opencv-4.0.0\modules\imgproc\src\accum.simd.hpp">
      <Filter>Src</Filter>
    </ClInclude>
    <ClInclude Include="C:\Users\yjs\Downloads\opencv-4.0.0\modules\imgproc\src\color.hpp">
      <Filter>Src</Filter>
    </ClInclude>
    <ClInclude Include="C:\Users\yjs\Downloads\opencv-4.0.0\modules\imgproc\src\corner.hpp">
      <Filter>Src</Filter>
    </ClInclude>
    <ClInclude Include="C:\Users\yjs\Downloads\opencv-4.0.0\modules\imgproc\src\filter.hpp">
      <Filter>Src</Filter>
    </ClInclude>
    <ClInclude Include="C:\Users\yjs\Downloads\opencv-4.0.0\modules\imgproc\src\filterengine.hpp">
      <Filter>Src</Filter>
    </ClInclude>
    <ClInclude Include="C:\Users\yjs\Downloads\opencv-4.0.0\modules\imgproc\src\fixedpoint.inl.hpp">
      <Filter>Src</Filter>
    </ClInclude>
    <ClInclude Include="C:\Users\yjs\Downloads\opencv-4.0.0\modules\imgproc\src\hal_replacement.hpp">
      <Filter>Src</Filter>
    </ClInclude>
    <ClInclude Include="C:\Users\yjs\Downloads\opencv-4.0.0\modules\imgproc\src\imgwarp.hpp">
      <Filter>Src</Filter>
    </ClInclude>
    <ClInclude Include="C:\Users\yjs\Downloads\opencv-4.0.0\modules\imgproc\src\precomp.hpp">
      <Filter>Src</Filter>
    </ClInclude>
    <ClInclude Include="C:\Users\yjs\Downloads\opencv-4.0.0\modules\imgproc\src\resize.hpp">
      <Filter>Src</Filter>
    </ClInclude>
    <ClInclude Include="C:\Users\yjs\Downloads\opencv-4.0.0\build\cvconfig.h">
      <Filter>Include</Filter>
    </ClInclude>
    <ClInclude Include="C:\Users\yjs\Downloads\opencv-4.0.0\build\opencv2\opencv_modules.hpp">
      <Filter>Include</Filter>
    </ClInclude>
  </ItemGroup>
  <ItemGroup>
    <CustomBuild Include="C:\Users\yjs\Downloads\opencv-4.0.0\build\CMakeFiles\af33d5b960450b44f90c9499e023becc\opencl_kernels_imgproc.cpp.rule">
      <Filter>CMake Rules</Filter>
    </CustomBuild>
    <CustomBuild Include="C:\Users\yjs\Downloads\opencv-4.0.0\modules\imgproc\CMakeLists.txt" />
  </ItemGroup>
  <ItemGroup>
    <None Include="C:\Users\yjs\Downloads\opencv-4.0.0\modules\imgproc\src\opencl\accumulate.cl">
      <Filter>Src\opencl\kernels</Filter>
    </None>
    <None Include="C:\Users\yjs\Downloads\opencv-4.0.0\modules\imgproc\src\opencl\bilateral.cl">
      <Filter>Src\opencl\kernels</Filter>
    </None>
    <None Include="C:\Users\yjs\Downloads\opencv-4.0.0\modules\imgproc\src\opencl\blend_linear.cl">
      <Filter>Src\opencl\kernels</Filter>
    </None>
    <None Include="C:\Users\yjs\Downloads\opencv-4.0.0\modules\imgproc\src\opencl\boxFilter.cl">
      <Filter>Src\opencl\kernels</Filter>
    </None>
    <None Include="C:\Users\yjs\Downloads\opencv-4.0.0\modules\imgproc\src\opencl\boxFilter3x3.cl">
      <Filter>Src\opencl\kernels</Filter>
    </None>
    <None Include="C:\Users\yjs\Downloads\opencv-4.0.0\modules\imgproc\src\opencl\calc_back_project.cl">
      <Filter>Src\opencl\kernels</Filter>
    </None>
    <None Include="C:\Users\yjs\Downloads\opencv-4.0.0\modules\imgproc\src\opencl\canny.cl">
      <Filter>Src\opencl\kernels</Filter>
    </None>
    <None Include="C:\Users\yjs\Downloads\opencv-4.0.0\modules\imgproc\src\opencl\clahe.cl">
      <Filter>Src\opencl\kernels</Filter>
    </None>
    <None Include="C:\Users\yjs\Downloads\opencv-4.0.0\modules\imgproc\src\opencl\color_hsv.cl">
      <Filter>Src\opencl\kernels</Filter>
    </None>
    <None Include="C:\Users\yjs\Downloads\opencv-4.0.0\modules\imgproc\src\opencl\color_lab.cl">
      <Filter>Src\opencl\kernels</Filter>
    </None>
    <None Include="C:\Users\yjs\Downloads\opencv-4.0.0\modules\imgproc\src\opencl\color_rgb.cl">
      <Filter>Src\opencl\kernels</Filter>
    </None>
    <None Include="C:\Users\yjs\Downloads\opencv-4.0.0\modules\imgproc\src\opencl\color_yuv.cl">
      <Filter>Src\opencl\kernels</Filter>
    </None>
    <None Include="C:\Users\yjs\Downloads\opencv-4.0.0\modules\imgproc\src\opencl\corner.cl">
      <Filter>Src\opencl\kernels</Filter>
    </None>
    <None Include="C:\Users\yjs\Downloads\opencv-4.0.0\modules\imgproc\src\opencl\covardata.cl">
      <Filter>Src\opencl\kernels</Filter>
    </None>
    <None Include="C:\Users\yjs\Downloads\opencv-4.0.0\modules\imgproc\src\opencl\filter2D.cl">
      <Filter>Src\opencl\kernels</Filter>
    </None>
    <None Include="C:\Users\yjs\Downloads\opencv-4.0.0\modules\imgproc\src\opencl\filter2DSmall.cl">
      <Filter>Src\opencl\kernels</Filter>
    </None>
    <None Include="C:\Users\yjs\Downloads\opencv-4.0.0\modules\imgproc\src\opencl\filterSepCol.cl">
      <Filter>Src\opencl\kernels</Filter>
    </None>
    <None Include="C:\Users\yjs\Downloads\opencv-4.0.0\modules\imgproc\src\opencl\filterSepRow.cl">
      <Filter>Src\opencl\kernels</Filter>
    </None>
    <None Include="C:\Users\yjs\Downloads\opencv-4.0.0\modules\imgproc\src\opencl\filterSep_singlePass.cl">
      <Filter>Src\opencl\kernels</Filter>
    </None>
    <None Include="C:\Users\yjs\Downloads\opencv-4.0.0\modules\imgproc\src\opencl\filterSmall.cl">
      <Filter>Src\opencl\kernels</Filter>
    </None>
    <None Include="C:\Users\yjs\Downloads\opencv-4.0.0\modules\imgproc\src\opencl\gaussianBlur3x3.cl">
      <Filter>Src\opencl\kernels</Filter>
    </None>
    <None Include="C:\Users\yjs\Downloads\opencv-4.0.0\modules\imgproc\src\opencl\gaussianBlur5x5.cl">
      <Filter>Src\opencl\kernels</Filter>
    </None>
    <None Include="C:\Users\yjs\Downloads\opencv-4.0.0\modules\imgproc\src\opencl\gftt.cl">
      <Filter>Src\opencl\kernels</Filter>
    </None>
    <None Include="C:\Users\yjs\Downloads\opencv-4.0.0\modules\imgproc\src\opencl\histogram.cl">
      <Filter>Src\opencl\kernels</Filter>
    </None>
    <None Include="C:\Users\yjs\Downloads\opencv-4.0.0\modules\imgproc\src\opencl\hough_lines.cl">
      <Filter>Src\opencl\kernels</Filter>
    </None>
    <None Include="C:\Users\yjs\Downloads\opencv-4.0.0\modules\imgproc\src\opencl\integral_sum.cl">
      <Filter>Src\opencl\kernels</Filter>
    </None>
    <None Include="C:\Users\yjs\Downloads\opencv-4.0.0\modules\imgproc\src\opencl\laplacian3.cl">
      <Filter>Src\opencl\kernels</Filter>
    </None>
    <None Include="C:\Users\yjs\Downloads\opencv-4.0.0\modules\imgproc\src\opencl\laplacian5.cl">
      <Filter>Src\opencl\kernels</Filter>
    </None>
    <None Include="C:\Users\yjs\Downloads\opencv-4.0.0\modules\imgproc\src\opencl\linearPolar.cl">
      <Filter>Src\opencl\kernels</Filter>
    </None>
    <None Include="C:\Users\yjs\Downloads\opencv-4.0.0\modules\imgproc\src\opencl\logPolar.cl">
      <Filter>Src\opencl\kernels</Filter>
    </None>
    <None Include="C:\Users\yjs\Downloads\opencv-4.0.0\modules\imgproc\src\opencl\match_template.cl">
      <Filter>Src\opencl\kernels</Filter>
    </None>
    <None Include="C:\Users\yjs\Downloads\opencv-4.0.0\modules\imgproc\src\opencl\medianFilter.cl">
      <Filter>Src\opencl\kernels</Filter>
    </None>
    <None Include="C:\Users\yjs\Downloads\opencv-4.0.0\modules\imgproc\src\opencl\moments.cl">
      <Filter>Src\opencl\kernels</Filter>
    </None>
    <None Include="C:\Users\yjs\Downloads\opencv-4.0.0\modules\imgproc\src\opencl\morph.cl">
      <Filter>Src\opencl\kernels</Filter>
    </None>
    <None Include="C:\Users\yjs\Downloads\opencv-4.0.0\modules\imgproc\src\opencl\morph3x3.cl">
      <Filter>Src\opencl\kernels</Filter>
    </None>
    <None Include="C:\Users\yjs\Downloads\opencv-4.0.0\modules\imgproc\src\opencl\precornerdetect.cl">
      <Filter>Src\opencl\kernels</Filter>
    </None>
    <None Include="C:\Users\yjs\Downloads\opencv-4.0.0\modules\imgproc\src\opencl\pyr_down.cl">
      <Filter>Src\opencl\kernels</Filter>
    </None>
    <None Include="C:\Users\yjs\Downloads\opencv-4.0.0\modules\imgproc\src\opencl\pyr_up.cl">
      <Filter>Src\opencl\kernels</Filter>
    </None>
    <None Include="C:\Users\yjs\Downloads\opencv-4.0.0\modules\imgproc\src\opencl\pyramid_up.cl">
      <Filter>Src\opencl\kernels</Filter>
    </None>
    <None Include="C:\Users\yjs\Downloads\opencv-4.0.0\modules\imgproc\src\opencl\remap.cl">
      <Filter>Src\opencl\kernels</Filter>
    </None>
    <None Include="C:\Users\yjs\Downloads\opencv-4.0.0\modules\imgproc\src\opencl\resize.cl">
      <Filter>Src\opencl\kernels</Filter>
    </None>
    <None Include="C:\Users\yjs\Downloads\opencv-4.0.0\modules\imgproc\src\opencl\sepFilter3x3.cl">
      <Filter>Src\opencl\kernels</Filter>
    </None>
    <None Include="C:\Users\yjs\Downloads\opencv-4.0.0\modules\imgproc\src\opencl\threshold.cl">
      <Filter>Src\opencl\kernels</Filter>
    </None>
    <None Include="C:\Users\yjs\Downloads\opencv-4.0.0\modules\imgproc\src\opencl\warp_affine.cl">
      <Filter>Src\opencl\kernels</Filter>
    </None>
    <None Include="C:\Users\yjs\Downloads\opencv-4.0.0\modules\imgproc\src\opencl\warp_perspective.cl">
      <Filter>Src\opencl\kernels</Filter>
    </None>
    <None Include="C:\Users\yjs\Downloads\opencv-4.0.0\modules\imgproc\src\opencl\warp_transform.cl">
      <Filter>Src\opencl\kernels</Filter>
    </None>
  </ItemGroup>
  <ItemGroup>
    <Object Include="C:\Users\yjs\Downloads\opencv-4.0.0\build\modules\imgproc\opencv_imgproc_SSE4_1.dir\$(Configuration)\imgwarp.sse4_1.obj">
      <Filter>Object Libraries</Filter>
    </Object>
    <Object Include="C:\Users\yjs\Downloads\opencv-4.0.0\build\modules\imgproc\opencv_imgproc_SSE4_1.dir\$(Configuration)\resize.sse4_1.obj">
      <Filter>Object Libraries</Filter>
    </Object>
    <Object Include="C:\Users\yjs\Downloads\opencv-4.0.0\build\modules\imgproc\opencv_imgproc_SSE4_1.dir\$(Configuration)\accum.sse4_1.obj">
      <Filter>Object Libraries</Filter>
    </Object>
    <Object Include="C:\Users\yjs\Downloads\opencv-4.0.0\build\modules\imgproc\opencv_imgproc_AVX.dir\$(Configuration)\corner.avx.obj">
      <Filter>Object Libraries</Filter>
    </Object>
    <Object Include="C:\Users\yjs\Downloads\opencv-4.0.0\build\modules\imgproc\opencv_imgproc_AVX.dir\$(Configuration)\accum.avx.obj">
      <Filter>Object Libraries</Filter>
    </Object>
    <Object Include="C:\Users\yjs\Downloads\opencv-4.0.0\build\modules\imgproc\opencv_imgproc_AVX2.dir\$(Configuration)\filter.avx2.obj">
      <Filter>Object Libraries</Filter>
    </Object>
    <Object Include="C:\Users\yjs\Downloads\opencv-4.0.0\build\modules\imgproc\opencv_imgproc_AVX2.dir\$(Configuration)\imgwarp.avx2.obj">
      <Filter>Object Libraries</Filter>
    </Object>
    <Object Include="C:\Users\yjs\Downloads\opencv-4.0.0\build\modules\imgproc\opencv_imgproc_AVX2.dir\$(Configuration)\resize.avx2.obj">
      <Filter>Object Libraries</Filter>
    </Object>
    <Object Include="C:\Users\yjs\Downloads\opencv-4.0.0\build\modules\imgproc\opencv_imgproc_AVX2.dir\$(Configuration)\accum.avx2.obj">
      <Filter>Object Libraries</Filter>
    </Object>
  </ItemGroup>
  <ItemGroup>
    <ResourceCompile Include="C:\Users\yjs\Downloads\opencv-4.0.0\build\modules\imgproc\vs_version.rc">
      <Filter>Src</Filter>
    </ResourceCompile>
  </ItemGroup>
  <ItemGroup>
    <Filter Include="CMake Rules">
      <UniqueIdentifier>{F3D57576-C712-36F1-A7C8-9A64BCD9022B}</UniqueIdentifier>
    </Filter>
    <Filter Include="Include">
      <UniqueIdentifier>{05C1B215-29AA-3C78-9678-6DC79D2EA233}</UniqueIdentifier>
    </Filter>
    <Filter Include="Include\opencv2">
      <UniqueIdentifier>{3473074F-7FA7-3E0F-B6D7-86F01064A2F8}</UniqueIdentifier>
    </Filter>
    <Filter Include="Include\opencv2\imgproc">
      <UniqueIdentifier>{B62E88B9-1987-3408-9AC4-A53EBB351C50}</UniqueIdentifier>
    </Filter>
    <Filter Include="Include\opencv2\imgproc\detail">
      <UniqueIdentifier>{34B5A84B-B05E-3212-AD6E-43E93D0BEFD8}</UniqueIdentifier>
    </Filter>
    <Filter Include="Include\opencv2\imgproc\hal">
      <UniqueIdentifier>{E822AA2E-CD39-387D-80FC-77348355AEFE}</UniqueIdentifier>
    </Filter>
    <Filter Include="Object Libraries">
      <UniqueIdentifier>{2BFD08FD-7DB3-3E63-8DE4-219B954265A6}</UniqueIdentifier>
    </Filter>
    <Filter Include="Source Files">
      <UniqueIdentifier>{2751A05C-4795-35BF-83E0-DC6BF53FDADC}</UniqueIdentifier>
    </Filter>
    <Filter Include="Src">
      <UniqueIdentifier>{CBA23A07-7AC5-3B8A-972E-02D7AF4AEAB5}</UniqueIdentifier>
    </Filter>
    <Filter Include="Src\opencl">
      <UniqueIdentifier>{FEEF62F8-4326-3F19-89B0-3D256BFDB4B5}</UniqueIdentifier>
    </Filter>
    <Filter Include="Src\opencl\kernels">
      <UniqueIdentifier>{08E7646A-7BE3-38D5-9FDA-3733D83B8172}</UniqueIdentifier>
    </Filter>
    <Filter Include="Src\opencl\kernels\autogenerated">
      <UniqueIdentifier>{FF054349-6B9A-3D59-9CC6-57060A270118}</UniqueIdentifier>
    </Filter>
  </ItemGroup>
</Project>
