
Microsoft Visual Studio Solution File, Format Version 12.00
# Visual Studio Version 16
Project("{2150E333-8FDC-42A3-9474-1A3956D46DE8}") = "3rdparty", "3rdparty", "{AEE6B7DF-16CC-3EE7-B24C-2F4C0748941C}"
EndProject
Project("{2150E333-8FDC-42A3-9474-1A3956D46DE8}") = "CMakeTargets", "CMakeTargets", "{C8DC6347-4ABE-3512-A82C-C8D859CBD7E5}"
EndProject
Project("{2150E333-8FDC-42A3-9474-1A3956D46DE8}") = "dispatched", "dispatched", "{662CE902-220A-3BB5-AE38-75837DD30422}"
EndProject
Project("{2150E333-8FDC-42A3-9474-1A3956D46DE8}") = "modules", "modules", "{389DB692-DDEF-3E41-A784-ACE960C77F27}"
EndProject
Project("{2150E333-8FDC-42A3-9474-1A3956D46DE8}") = "tests accuracy", "tests accuracy", "{CFE9C980-66D8-3B27-A27D-9260E01D1825}"
EndProject
Project("{2150E333-8FDC-42A3-9474-1A3956D46DE8}") = "tests performance", "tests performance", "{ACF9047F-A8C6-3ADF-8399-FFC7ACB14E80}"
EndProject
Project("{8BC9CEB8-8B4A-11D0-8D11-00A0C91BC942}") = "ALL_BUILD", "ALL_BUILD.vcxproj", "{A3D5F625-2CBF-3331-B4D6-EBA33A8C0F74}"
	ProjectSection(ProjectDependencies) = postProject
		{247E8046-726D-31D7-B02E-AD186071B46E} = {247E8046-726D-31D7-B02E-AD186071B46E}
		{03D0B521-B39E-3C54-A17B-1B0322691999} = {03D0B521-B39E-3C54-A17B-1B0322691999}
		{6CF2DFDF-28CD-3877-9B4D-5FCD99E73728} = {6CF2DFDF-28CD-3877-9B4D-5FCD99E73728}
		{33AEA0B2-23FA-3CFD-850A-77D0B0533A89} = {33AEA0B2-23FA-3CFD-850A-77D0B0533A89}
		{B884C570-4A31-3F47-BF75-18848088839E} = {B884C570-4A31-3F47-BF75-18848088839E}
		{B537A3DE-66AD-33D2-BB14-863267F28503} = {B537A3DE-66AD-33D2-BB14-863267F28503}
		{7D8C206B-5BDC-3415-8EC1-0B262C50BD00} = {7D8C206B-5BDC-3415-8EC1-0B262C50BD00}
	EndProjectSection
EndProject
Project("{8BC9CEB8-8B4A-11D0-8D11-00A0C91BC942}") = "INSTALL", "INSTALL.vcxproj", "{C6B9ED1E-C264-3C6E-A134-C86EE0804A03}"
	ProjectSection(ProjectDependencies) = postProject
		{A3D5F625-2CBF-3331-B4D6-EBA33A8C0F74} = {A3D5F625-2CBF-3331-B4D6-EBA33A8C0F74}
		{247E8046-726D-31D7-B02E-AD186071B46E} = {247E8046-726D-31D7-B02E-AD186071B46E}
	EndProjectSection
EndProject
Project("{8BC9CEB8-8B4A-11D0-8D11-00A0C91BC942}") = "IlmImf", "..\..\3rdparty\openexr\IlmImf.vcxproj", "{A01AEB9D-4482-36AC-AA70-279FAB1D3612}"
	ProjectSection(ProjectDependencies) = postProject
		{247E8046-726D-31D7-B02E-AD186071B46E} = {247E8046-726D-31D7-B02E-AD186071B46E}
		{8FB4E66B-3423-3A59-B583-4C8728FFFF49} = {8FB4E66B-3423-3A59-B583-4C8728FFFF49}
	EndProjectSection
EndProject
Project("{8BC9CEB8-8B4A-11D0-8D11-00A0C91BC942}") = "PACKAGE", "PACKAGE.vcxproj", "{A38EA7EE-A3A3-3A6F-B267-FC59EFB176F6}"
	ProjectSection(ProjectDependencies) = postProject
		{A3D5F625-2CBF-3331-B4D6-EBA33A8C0F74} = {A3D5F625-2CBF-3331-B4D6-EBA33A8C0F74}
		{247E8046-726D-31D7-B02E-AD186071B46E} = {247E8046-726D-31D7-B02E-AD186071B46E}
	EndProjectSection
EndProject
Project("{8BC9CEB8-8B4A-11D0-8D11-00A0C91BC942}") = "RUN_TESTS", "RUN_TESTS.vcxproj", "{E3C804B4-6BC3-3049-B79B-DDD04DC1F051}"
	ProjectSection(ProjectDependencies) = postProject
		{247E8046-726D-31D7-B02E-AD186071B46E} = {247E8046-726D-31D7-B02E-AD186071B46E}
	EndProjectSection
EndProject
Project("{8BC9CEB8-8B4A-11D0-8D11-00A0C91BC942}") = "ZERO_CHECK", "..\..\\ZERO_CHECK.vcxproj", "{247E8046-726D-31D7-B02E-AD186071B46E}"
	ProjectSection(ProjectDependencies) = postProject
	EndProjectSection
EndProject
Project("{8BC9CEB8-8B4A-11D0-8D11-00A0C91BC942}") = "ippiw", "..\..\3rdparty\ippiw\ippiw.vcxproj", "{E5BD0440-B81B-3A07-BD3E-712D2209AE49}"
	ProjectSection(ProjectDependencies) = postProject
		{247E8046-726D-31D7-B02E-AD186071B46E} = {247E8046-726D-31D7-B02E-AD186071B46E}
	EndProjectSection
EndProject
Project("{8BC9CEB8-8B4A-11D0-8D11-00A0C91BC942}") = "ittnotify", "..\..\3rdparty\ittnotify\ittnotify.vcxproj", "{288F86D3-18D2-36FC-A363-FFD7CB99F82E}"
	ProjectSection(ProjectDependencies) = postProject
		{247E8046-726D-31D7-B02E-AD186071B46E} = {247E8046-726D-31D7-B02E-AD186071B46E}
	EndProjectSection
EndProject
Project("{8BC9CEB8-8B4A-11D0-8D11-00A0C91BC942}") = "libjasper", "..\..\3rdparty\libjasper\libjasper.vcxproj", "{FD500E19-E8FC-3926-A4BA-2230E3289B31}"
	ProjectSection(ProjectDependencies) = postProject
		{247E8046-726D-31D7-B02E-AD186071B46E} = {247E8046-726D-31D7-B02E-AD186071B46E}
	EndProjectSection
EndProject
Project("{8BC9CEB8-8B4A-11D0-8D11-00A0C91BC942}") = "libjpeg-turbo", "..\..\3rdparty\libjpeg-turbo\libjpeg-turbo.vcxproj", "{64E3564E-8C2A-361C-9143-679A7974B5C1}"
	ProjectSection(ProjectDependencies) = postProject
		{247E8046-726D-31D7-B02E-AD186071B46E} = {247E8046-726D-31D7-B02E-AD186071B46E}
	EndProjectSection
EndProject
Project("{8BC9CEB8-8B4A-11D0-8D11-00A0C91BC942}") = "libpng", "..\..\3rdparty\libpng\libpng.vcxproj", "{255283C3-8B31-3DE8-BAC5-3D068236E1C8}"
	ProjectSection(ProjectDependencies) = postProject
		{247E8046-726D-31D7-B02E-AD186071B46E} = {247E8046-726D-31D7-B02E-AD186071B46E}
		{8FB4E66B-3423-3A59-B583-4C8728FFFF49} = {8FB4E66B-3423-3A59-B583-4C8728FFFF49}
	EndProjectSection
EndProject
Project("{8BC9CEB8-8B4A-11D0-8D11-00A0C91BC942}") = "libtiff", "..\..\3rdparty\libtiff\libtiff.vcxproj", "{46148B36-D5A1-32CD-AC47-60BD1FF3B5A7}"
	ProjectSection(ProjectDependencies) = postProject
		{247E8046-726D-31D7-B02E-AD186071B46E} = {247E8046-726D-31D7-B02E-AD186071B46E}
		{8FB4E66B-3423-3A59-B583-4C8728FFFF49} = {8FB4E66B-3423-3A59-B583-4C8728FFFF49}
	EndProjectSection
EndProject
Project("{8BC9CEB8-8B4A-11D0-8D11-00A0C91BC942}") = "libwebp", "..\..\3rdparty\libwebp\libwebp.vcxproj", "{92B670E4-A13B-31B6-BFB1-9440CAF9E474}"
	ProjectSection(ProjectDependencies) = postProject
		{247E8046-726D-31D7-B02E-AD186071B46E} = {247E8046-726D-31D7-B02E-AD186071B46E}
	EndProjectSection
EndProject
Project("{8BC9CEB8-8B4A-11D0-8D11-00A0C91BC942}") = "opencv_core", "..\core\opencv_core.vcxproj", "{13262AF9-029D-3E69-9564-B7E64ADCF4ED}"
	ProjectSection(ProjectDependencies) = postProject
		{247E8046-726D-31D7-B02E-AD186071B46E} = {247E8046-726D-31D7-B02E-AD186071B46E}
		{E5BD0440-B81B-3A07-BD3E-712D2209AE49} = {E5BD0440-B81B-3A07-BD3E-712D2209AE49}
		{288F86D3-18D2-36FC-A363-FFD7CB99F82E} = {288F86D3-18D2-36FC-A363-FFD7CB99F82E}
		{BA437F58-9C7A-3EE3-9C03-C9430E300D20} = {BA437F58-9C7A-3EE3-9C03-C9430E300D20}
		{A5A180D9-5AA3-38D3-A1F9-9942BB19E6DF} = {A5A180D9-5AA3-38D3-A1F9-9942BB19E6DF}
		{998BE142-1B28-300F-B923-8F20C83913C7} = {998BE142-1B28-300F-B923-8F20C83913C7}
		{8E680599-77A2-3478-98C3-B2A561D1B98A} = {8E680599-77A2-3478-98C3-B2A561D1B98A}
		{8FB4E66B-3423-3A59-B583-4C8728FFFF49} = {8FB4E66B-3423-3A59-B583-4C8728FFFF49}
	EndProjectSection
EndProject
Project("{8BC9CEB8-8B4A-11D0-8D11-00A0C91BC942}") = "opencv_core_AVX", "..\core\opencv_core_AVX.vcxproj", "{BA437F58-9C7A-3EE3-9C03-C9430E300D20}"
	ProjectSection(ProjectDependencies) = postProject
		{247E8046-726D-31D7-B02E-AD186071B46E} = {247E8046-726D-31D7-B02E-AD186071B46E}
	EndProjectSection
EndProject
Project("{8BC9CEB8-8B4A-11D0-8D11-00A0C91BC942}") = "opencv_core_AVX2", "..\core\opencv_core_AVX2.vcxproj", "{A5A180D9-5AA3-38D3-A1F9-9942BB19E6DF}"
	ProjectSection(ProjectDependencies) = postProject
		{247E8046-726D-31D7-B02E-AD186071B46E} = {247E8046-726D-31D7-B02E-AD186071B46E}
	EndProjectSection
EndProject
Project("{8BC9CEB8-8B4A-11D0-8D11-00A0C91BC942}") = "opencv_core_SSE4_1", "..\core\opencv_core_SSE4_1.vcxproj", "{998BE142-1B28-300F-B923-8F20C83913C7}"
	ProjectSection(ProjectDependencies) = postProject
		{247E8046-726D-31D7-B02E-AD186071B46E} = {247E8046-726D-31D7-B02E-AD186071B46E}
	EndProjectSection
EndProject
Project("{8BC9CEB8-8B4A-11D0-8D11-00A0C91BC942}") = "opencv_core_SSE4_2", "..\core\opencv_core_SSE4_2.vcxproj", "{8E680599-77A2-3478-98C3-B2A561D1B98A}"
	ProjectSection(ProjectDependencies) = postProject
		{247E8046-726D-31D7-B02E-AD186071B46E} = {247E8046-726D-31D7-B02E-AD186071B46E}
	EndProjectSection
EndProject
Project("{8BC9CEB8-8B4A-11D0-8D11-00A0C91BC942}") = "opencv_highgui", "..\highgui\opencv_highgui.vcxproj", "{B9878902-72C1-326D-BD98-D06998B85F82}"
	ProjectSection(ProjectDependencies) = postProject
		{247E8046-726D-31D7-B02E-AD186071B46E} = {247E8046-726D-31D7-B02E-AD186071B46E}
		{E5BD0440-B81B-3A07-BD3E-712D2209AE49} = {E5BD0440-B81B-3A07-BD3E-712D2209AE49}
		{13262AF9-029D-3E69-9564-B7E64ADCF4ED} = {13262AF9-029D-3E69-9564-B7E64ADCF4ED}
		{11CA0796-F9B6-3834-9E21-B0AE41FB3E34} = {11CA0796-F9B6-3834-9E21-B0AE41FB3E34}
		{03D0B521-B39E-3C54-A17B-1B0322691999} = {03D0B521-B39E-3C54-A17B-1B0322691999}
		{CFE03558-518D-3176-930B-474A9C2B7DDC} = {CFE03558-518D-3176-930B-474A9C2B7DDC}
	EndProjectSection
EndProject
Project("{8BC9CEB8-8B4A-11D0-8D11-00A0C91BC942}") = "opencv_imgcodecs", "..\imgcodecs\opencv_imgcodecs.vcxproj", "{11CA0796-F9B6-3834-9E21-B0AE41FB3E34}"
	ProjectSection(ProjectDependencies) = postProject
		{A01AEB9D-4482-36AC-AA70-279FAB1D3612} = {A01AEB9D-4482-36AC-AA70-279FAB1D3612}
		{247E8046-726D-31D7-B02E-AD186071B46E} = {247E8046-726D-31D7-B02E-AD186071B46E}
		{E5BD0440-B81B-3A07-BD3E-712D2209AE49} = {E5BD0440-B81B-3A07-BD3E-712D2209AE49}
		{FD500E19-E8FC-3926-A4BA-2230E3289B31} = {FD500E19-E8FC-3926-A4BA-2230E3289B31}
		{64E3564E-8C2A-361C-9143-679A7974B5C1} = {64E3564E-8C2A-361C-9143-679A7974B5C1}
		{255283C3-8B31-3DE8-BAC5-3D068236E1C8} = {255283C3-8B31-3DE8-BAC5-3D068236E1C8}
		{46148B36-D5A1-32CD-AC47-60BD1FF3B5A7} = {46148B36-D5A1-32CD-AC47-60BD1FF3B5A7}
		{92B670E4-A13B-31B6-BFB1-9440CAF9E474} = {92B670E4-A13B-31B6-BFB1-9440CAF9E474}
		{13262AF9-029D-3E69-9564-B7E64ADCF4ED} = {13262AF9-029D-3E69-9564-B7E64ADCF4ED}
		{03D0B521-B39E-3C54-A17B-1B0322691999} = {03D0B521-B39E-3C54-A17B-1B0322691999}
		{8FB4E66B-3423-3A59-B583-4C8728FFFF49} = {8FB4E66B-3423-3A59-B583-4C8728FFFF49}
	EndProjectSection
EndProject
Project("{8BC9CEB8-8B4A-11D0-8D11-00A0C91BC942}") = "opencv_imgproc", "opencv_imgproc.vcxproj", "{03D0B521-B39E-3C54-A17B-1B0322691999}"
	ProjectSection(ProjectDependencies) = postProject
		{247E8046-726D-31D7-B02E-AD186071B46E} = {247E8046-726D-31D7-B02E-AD186071B46E}
		{E5BD0440-B81B-3A07-BD3E-712D2209AE49} = {E5BD0440-B81B-3A07-BD3E-712D2209AE49}
		{13262AF9-029D-3E69-9564-B7E64ADCF4ED} = {13262AF9-029D-3E69-9564-B7E64ADCF4ED}
		{6CF2DFDF-28CD-3877-9B4D-5FCD99E73728} = {6CF2DFDF-28CD-3877-9B4D-5FCD99E73728}
		{33AEA0B2-23FA-3CFD-850A-77D0B0533A89} = {33AEA0B2-23FA-3CFD-850A-77D0B0533A89}
		{B884C570-4A31-3F47-BF75-18848088839E} = {B884C570-4A31-3F47-BF75-18848088839E}
	EndProjectSection
EndProject
Project("{8BC9CEB8-8B4A-11D0-8D11-00A0C91BC942}") = "opencv_imgproc_AVX", "opencv_imgproc_AVX.vcxproj", "{6CF2DFDF-28CD-3877-9B4D-5FCD99E73728}"
	ProjectSection(ProjectDependencies) = postProject
		{247E8046-726D-31D7-B02E-AD186071B46E} = {247E8046-726D-31D7-B02E-AD186071B46E}
	EndProjectSection
EndProject
Project("{8BC9CEB8-8B4A-11D0-8D11-00A0C91BC942}") = "opencv_imgproc_AVX2", "opencv_imgproc_AVX2.vcxproj", "{33AEA0B2-23FA-3CFD-850A-77D0B0533A89}"
	ProjectSection(ProjectDependencies) = postProject
		{247E8046-726D-31D7-B02E-AD186071B46E} = {247E8046-726D-31D7-B02E-AD186071B46E}
	EndProjectSection
EndProject
Project("{8BC9CEB8-8B4A-11D0-8D11-00A0C91BC942}") = "opencv_imgproc_SSE4_1", "opencv_imgproc_SSE4_1.vcxproj", "{B884C570-4A31-3F47-BF75-18848088839E}"
	ProjectSection(ProjectDependencies) = postProject
		{247E8046-726D-31D7-B02E-AD186071B46E} = {247E8046-726D-31D7-B02E-AD186071B46E}
	EndProjectSection
EndProject
Project("{8BC9CEB8-8B4A-11D0-8D11-00A0C91BC942}") = "opencv_perf_imgproc", "opencv_perf_imgproc.vcxproj", "{B537A3DE-66AD-33D2-BB14-863267F28503}"
	ProjectSection(ProjectDependencies) = postProject
		{247E8046-726D-31D7-B02E-AD186071B46E} = {247E8046-726D-31D7-B02E-AD186071B46E}
		{E5BD0440-B81B-3A07-BD3E-712D2209AE49} = {E5BD0440-B81B-3A07-BD3E-712D2209AE49}
		{13262AF9-029D-3E69-9564-B7E64ADCF4ED} = {13262AF9-029D-3E69-9564-B7E64ADCF4ED}
		{B9878902-72C1-326D-BD98-D06998B85F82} = {B9878902-72C1-326D-BD98-D06998B85F82}
		{11CA0796-F9B6-3834-9E21-B0AE41FB3E34} = {11CA0796-F9B6-3834-9E21-B0AE41FB3E34}
		{03D0B521-B39E-3C54-A17B-1B0322691999} = {03D0B521-B39E-3C54-A17B-1B0322691999}
		{313BEB84-1395-348F-8224-D0E766A98422} = {313BEB84-1395-348F-8224-D0E766A98422}
		{CFE03558-518D-3176-930B-474A9C2B7DDC} = {CFE03558-518D-3176-930B-474A9C2B7DDC}
	EndProjectSection
EndProject
Project("{8BC9CEB8-8B4A-11D0-8D11-00A0C91BC942}") = "opencv_test_imgproc", "opencv_test_imgproc.vcxproj", "{7D8C206B-5BDC-3415-8EC1-0B262C50BD00}"
	ProjectSection(ProjectDependencies) = postProject
		{247E8046-726D-31D7-B02E-AD186071B46E} = {247E8046-726D-31D7-B02E-AD186071B46E}
		{E5BD0440-B81B-3A07-BD3E-712D2209AE49} = {E5BD0440-B81B-3A07-BD3E-712D2209AE49}
		{13262AF9-029D-3E69-9564-B7E64ADCF4ED} = {13262AF9-029D-3E69-9564-B7E64ADCF4ED}
		{B9878902-72C1-326D-BD98-D06998B85F82} = {B9878902-72C1-326D-BD98-D06998B85F82}
		{11CA0796-F9B6-3834-9E21-B0AE41FB3E34} = {11CA0796-F9B6-3834-9E21-B0AE41FB3E34}
		{03D0B521-B39E-3C54-A17B-1B0322691999} = {03D0B521-B39E-3C54-A17B-1B0322691999}
		{313BEB84-1395-348F-8224-D0E766A98422} = {313BEB84-1395-348F-8224-D0E766A98422}
		{CFE03558-518D-3176-930B-474A9C2B7DDC} = {CFE03558-518D-3176-930B-474A9C2B7DDC}
	EndProjectSection
EndProject
Project("{8BC9CEB8-8B4A-11D0-8D11-00A0C91BC942}") = "opencv_ts", "..\ts\opencv_ts.vcxproj", "{313BEB84-1395-348F-8224-D0E766A98422}"
	ProjectSection(ProjectDependencies) = postProject
		{247E8046-726D-31D7-B02E-AD186071B46E} = {247E8046-726D-31D7-B02E-AD186071B46E}
		{E5BD0440-B81B-3A07-BD3E-712D2209AE49} = {E5BD0440-B81B-3A07-BD3E-712D2209AE49}
		{13262AF9-029D-3E69-9564-B7E64ADCF4ED} = {13262AF9-029D-3E69-9564-B7E64ADCF4ED}
		{B9878902-72C1-326D-BD98-D06998B85F82} = {B9878902-72C1-326D-BD98-D06998B85F82}
		{11CA0796-F9B6-3834-9E21-B0AE41FB3E34} = {11CA0796-F9B6-3834-9E21-B0AE41FB3E34}
		{03D0B521-B39E-3C54-A17B-1B0322691999} = {03D0B521-B39E-3C54-A17B-1B0322691999}
		{CFE03558-518D-3176-930B-474A9C2B7DDC} = {CFE03558-518D-3176-930B-474A9C2B7DDC}
	EndProjectSection
EndProject
Project("{8BC9CEB8-8B4A-11D0-8D11-00A0C91BC942}") = "opencv_videoio", "..\videoio\opencv_videoio.vcxproj", "{CFE03558-518D-3176-930B-474A9C2B7DDC}"
	ProjectSection(ProjectDependencies) = postProject
		{247E8046-726D-31D7-B02E-AD186071B46E} = {247E8046-726D-31D7-B02E-AD186071B46E}
		{E5BD0440-B81B-3A07-BD3E-712D2209AE49} = {E5BD0440-B81B-3A07-BD3E-712D2209AE49}
		{13262AF9-029D-3E69-9564-B7E64ADCF4ED} = {13262AF9-029D-3E69-9564-B7E64ADCF4ED}
		{11CA0796-F9B6-3834-9E21-B0AE41FB3E34} = {11CA0796-F9B6-3834-9E21-B0AE41FB3E34}
		{03D0B521-B39E-3C54-A17B-1B0322691999} = {03D0B521-B39E-3C54-A17B-1B0322691999}
	EndProjectSection
EndProject
Project("{8BC9CEB8-8B4A-11D0-8D11-00A0C91BC942}") = "zlib", "..\..\3rdparty\zlib\zlib.vcxproj", "{8FB4E66B-3423-3A59-B583-4C8728FFFF49}"
	ProjectSection(ProjectDependencies) = postProject
		{247E8046-726D-31D7-B02E-AD186071B46E} = {247E8046-726D-31D7-B02E-AD186071B46E}
	EndProjectSection
EndProject
Global
	GlobalSection(SolutionConfigurationPlatforms) = preSolution
		Debug|x64 = Debug|x64
		Release|x64 = Release|x64
	EndGlobalSection
	GlobalSection(ProjectConfigurationPlatforms) = postSolution
		{A3D5F625-2CBF-3331-B4D6-EBA33A8C0F74}.Debug|x64.ActiveCfg = Debug|x64
		{A3D5F625-2CBF-3331-B4D6-EBA33A8C0F74}.Debug|x64.Build.0 = Debug|x64
		{A3D5F625-2CBF-3331-B4D6-EBA33A8C0F74}.Release|x64.ActiveCfg = Release|x64
		{A3D5F625-2CBF-3331-B4D6-EBA33A8C0F74}.Release|x64.Build.0 = Release|x64
		{C6B9ED1E-C264-3C6E-A134-C86EE0804A03}.Debug|x64.ActiveCfg = Debug|x64
		{C6B9ED1E-C264-3C6E-A134-C86EE0804A03}.Release|x64.ActiveCfg = Release|x64
		{A01AEB9D-4482-36AC-AA70-279FAB1D3612}.Debug|x64.ActiveCfg = Debug|x64
		{A01AEB9D-4482-36AC-AA70-279FAB1D3612}.Debug|x64.Build.0 = Debug|x64
		{A01AEB9D-4482-36AC-AA70-279FAB1D3612}.Release|x64.ActiveCfg = Release|x64
		{A01AEB9D-4482-36AC-AA70-279FAB1D3612}.Release|x64.Build.0 = Release|x64
		{A38EA7EE-A3A3-3A6F-B267-FC59EFB176F6}.Debug|x64.ActiveCfg = Debug|x64
		{A38EA7EE-A3A3-3A6F-B267-FC59EFB176F6}.Release|x64.ActiveCfg = Release|x64
		{E3C804B4-6BC3-3049-B79B-DDD04DC1F051}.Debug|x64.ActiveCfg = Debug|x64
		{E3C804B4-6BC3-3049-B79B-DDD04DC1F051}.Release|x64.ActiveCfg = Release|x64
		{247E8046-726D-31D7-B02E-AD186071B46E}.Debug|x64.ActiveCfg = Debug|x64
		{247E8046-726D-31D7-B02E-AD186071B46E}.Debug|x64.Build.0 = Debug|x64
		{247E8046-726D-31D7-B02E-AD186071B46E}.Release|x64.ActiveCfg = Release|x64
		{247E8046-726D-31D7-B02E-AD186071B46E}.Release|x64.Build.0 = Release|x64
		{E5BD0440-B81B-3A07-BD3E-712D2209AE49}.Debug|x64.ActiveCfg = Debug|x64
		{E5BD0440-B81B-3A07-BD3E-712D2209AE49}.Debug|x64.Build.0 = Debug|x64
		{E5BD0440-B81B-3A07-BD3E-712D2209AE49}.Release|x64.ActiveCfg = Release|x64
		{E5BD0440-B81B-3A07-BD3E-712D2209AE49}.Release|x64.Build.0 = Release|x64
		{288F86D3-18D2-36FC-A363-FFD7CB99F82E}.Debug|x64.ActiveCfg = Debug|x64
		{288F86D3-18D2-36FC-A363-FFD7CB99F82E}.Debug|x64.Build.0 = Debug|x64
		{288F86D3-18D2-36FC-A363-FFD7CB99F82E}.Release|x64.ActiveCfg = Release|x64
		{288F86D3-18D2-36FC-A363-FFD7CB99F82E}.Release|x64.Build.0 = Release|x64
		{FD500E19-E8FC-3926-A4BA-2230E3289B31}.Debug|x64.ActiveCfg = Debug|x64
		{FD500E19-E8FC-3926-A4BA-2230E3289B31}.Debug|x64.Build.0 = Debug|x64
		{FD500E19-E8FC-3926-A4BA-2230E3289B31}.Release|x64.ActiveCfg = Release|x64
		{FD500E19-E8FC-3926-A4BA-2230E3289B31}.Release|x64.Build.0 = Release|x64
		{64E3564E-8C2A-361C-9143-679A7974B5C1}.Debug|x64.ActiveCfg = Debug|x64
		{64E3564E-8C2A-361C-9143-679A7974B5C1}.Debug|x64.Build.0 = Debug|x64
		{64E3564E-8C2A-361C-9143-679A7974B5C1}.Release|x64.ActiveCfg = Release|x64
		{64E3564E-8C2A-361C-9143-679A7974B5C1}.Release|x64.Build.0 = Release|x64
		{255283C3-8B31-3DE8-BAC5-3D068236E1C8}.Debug|x64.ActiveCfg = Debug|x64
		{255283C3-8B31-3DE8-BAC5-3D068236E1C8}.Debug|x64.Build.0 = Debug|x64
		{255283C3-8B31-3DE8-BAC5-3D068236E1C8}.Release|x64.ActiveCfg = Release|x64
		{255283C3-8B31-3DE8-BAC5-3D068236E1C8}.Release|x64.Build.0 = Release|x64
		{46148B36-D5A1-32CD-AC47-60BD1FF3B5A7}.Debug|x64.ActiveCfg = Debug|x64
		{46148B36-D5A1-32CD-AC47-60BD1FF3B5A7}.Debug|x64.Build.0 = Debug|x64
		{46148B36-D5A1-32CD-AC47-60BD1FF3B5A7}.Release|x64.ActiveCfg = Release|x64
		{46148B36-D5A1-32CD-AC47-60BD1FF3B5A7}.Release|x64.Build.0 = Release|x64
		{92B670E4-A13B-31B6-BFB1-9440CAF9E474}.Debug|x64.ActiveCfg = Debug|x64
		{92B670E4-A13B-31B6-BFB1-9440CAF9E474}.Debug|x64.Build.0 = Debug|x64
		{92B670E4-A13B-31B6-BFB1-9440CAF9E474}.Release|x64.ActiveCfg = Release|x64
		{92B670E4-A13B-31B6-BFB1-9440CAF9E474}.Release|x64.Build.0 = Release|x64
		{13262AF9-029D-3E69-9564-B7E64ADCF4ED}.Debug|x64.ActiveCfg = Debug|x64
		{13262AF9-029D-3E69-9564-B7E64ADCF4ED}.Debug|x64.Build.0 = Debug|x64
		{13262AF9-029D-3E69-9564-B7E64ADCF4ED}.Release|x64.ActiveCfg = Release|x64
		{13262AF9-029D-3E69-9564-B7E64ADCF4ED}.Release|x64.Build.0 = Release|x64
		{BA437F58-9C7A-3EE3-9C03-C9430E300D20}.Debug|x64.ActiveCfg = Debug|x64
		{BA437F58-9C7A-3EE3-9C03-C9430E300D20}.Debug|x64.Build.0 = Debug|x64
		{BA437F58-9C7A-3EE3-9C03-C9430E300D20}.Release|x64.ActiveCfg = Release|x64
		{BA437F58-9C7A-3EE3-9C03-C9430E300D20}.Release|x64.Build.0 = Release|x64
		{A5A180D9-5AA3-38D3-A1F9-9942BB19E6DF}.Debug|x64.ActiveCfg = Debug|x64
		{A5A180D9-5AA3-38D3-A1F9-9942BB19E6DF}.Debug|x64.Build.0 = Debug|x64
		{A5A180D9-5AA3-38D3-A1F9-9942BB19E6DF}.Release|x64.ActiveCfg = Release|x64
		{A5A180D9-5AA3-38D3-A1F9-9942BB19E6DF}.Release|x64.Build.0 = Release|x64
		{998BE142-1B28-300F-B923-8F20C83913C7}.Debug|x64.ActiveCfg = Debug|x64
		{998BE142-1B28-300F-B923-8F20C83913C7}.Debug|x64.Build.0 = Debug|x64
		{998BE142-1B28-300F-B923-8F20C83913C7}.Release|x64.ActiveCfg = Release|x64
		{998BE142-1B28-300F-B923-8F20C83913C7}.Release|x64.Build.0 = Release|x64
		{8E680599-77A2-3478-98C3-B2A561D1B98A}.Debug|x64.ActiveCfg = Debug|x64
		{8E680599-77A2-3478-98C3-B2A561D1B98A}.Debug|x64.Build.0 = Debug|x64
		{8E680599-77A2-3478-98C3-B2A561D1B98A}.Release|x64.ActiveCfg = Release|x64
		{8E680599-77A2-3478-98C3-B2A561D1B98A}.Release|x64.Build.0 = Release|x64
		{B9878902-72C1-326D-BD98-D06998B85F82}.Debug|x64.ActiveCfg = Debug|x64
		{B9878902-72C1-326D-BD98-D06998B85F82}.Debug|x64.Build.0 = Debug|x64
		{B9878902-72C1-326D-BD98-D06998B85F82}.Release|x64.ActiveCfg = Release|x64
		{B9878902-72C1-326D-BD98-D06998B85F82}.Release|x64.Build.0 = Release|x64
		{11CA0796-F9B6-3834-9E21-B0AE41FB3E34}.Debug|x64.ActiveCfg = Debug|x64
		{11CA0796-F9B6-3834-9E21-B0AE41FB3E34}.Debug|x64.Build.0 = Debug|x64
		{11CA0796-F9B6-3834-9E21-B0AE41FB3E34}.Release|x64.ActiveCfg = Release|x64
		{11CA0796-F9B6-3834-9E21-B0AE41FB3E34}.Release|x64.Build.0 = Release|x64
		{03D0B521-B39E-3C54-A17B-1B0322691999}.Debug|x64.ActiveCfg = Debug|x64
		{03D0B521-B39E-3C54-A17B-1B0322691999}.Debug|x64.Build.0 = Debug|x64
		{03D0B521-B39E-3C54-A17B-1B0322691999}.Release|x64.ActiveCfg = Release|x64
		{03D0B521-B39E-3C54-A17B-1B0322691999}.Release|x64.Build.0 = Release|x64
		{6CF2DFDF-28CD-3877-9B4D-5FCD99E73728}.Debug|x64.ActiveCfg = Debug|x64
		{6CF2DFDF-28CD-3877-9B4D-5FCD99E73728}.Debug|x64.Build.0 = Debug|x64
		{6CF2DFDF-28CD-3877-9B4D-5FCD99E73728}.Release|x64.ActiveCfg = Release|x64
		{6CF2DFDF-28CD-3877-9B4D-5FCD99E73728}.Release|x64.Build.0 = Release|x64
		{33AEA0B2-23FA-3CFD-850A-77D0B0533A89}.Debug|x64.ActiveCfg = Debug|x64
		{33AEA0B2-23FA-3CFD-850A-77D0B0533A89}.Debug|x64.Build.0 = Debug|x64
		{33AEA0B2-23FA-3CFD-850A-77D0B0533A89}.Release|x64.ActiveCfg = Release|x64
		{33AEA0B2-23FA-3CFD-850A-77D0B0533A89}.Release|x64.Build.0 = Release|x64
		{B884C570-4A31-3F47-BF75-18848088839E}.Debug|x64.ActiveCfg = Debug|x64
		{B884C570-4A31-3F47-BF75-18848088839E}.Debug|x64.Build.0 = Debug|x64
		{B884C570-4A31-3F47-BF75-18848088839E}.Release|x64.ActiveCfg = Release|x64
		{B884C570-4A31-3F47-BF75-18848088839E}.Release|x64.Build.0 = Release|x64
		{B537A3DE-66AD-33D2-BB14-863267F28503}.Debug|x64.ActiveCfg = Debug|x64
		{B537A3DE-66AD-33D2-BB14-863267F28503}.Debug|x64.Build.0 = Debug|x64
		{B537A3DE-66AD-33D2-BB14-863267F28503}.Release|x64.ActiveCfg = Release|x64
		{B537A3DE-66AD-33D2-BB14-863267F28503}.Release|x64.Build.0 = Release|x64
		{7D8C206B-5BDC-3415-8EC1-0B262C50BD00}.Debug|x64.ActiveCfg = Debug|x64
		{7D8C206B-5BDC-3415-8EC1-0B262C50BD00}.Debug|x64.Build.0 = Debug|x64
		{7D8C206B-5BDC-3415-8EC1-0B262C50BD00}.Release|x64.ActiveCfg = Release|x64
		{7D8C206B-5BDC-3415-8EC1-0B262C50BD00}.Release|x64.Build.0 = Release|x64
		{313BEB84-1395-348F-8224-D0E766A98422}.Debug|x64.ActiveCfg = Debug|x64
		{313BEB84-1395-348F-8224-D0E766A98422}.Debug|x64.Build.0 = Debug|x64
		{313BEB84-1395-348F-8224-D0E766A98422}.Release|x64.ActiveCfg = Release|x64
		{313BEB84-1395-348F-8224-D0E766A98422}.Release|x64.Build.0 = Release|x64
		{CFE03558-518D-3176-930B-474A9C2B7DDC}.Debug|x64.ActiveCfg = Debug|x64
		{CFE03558-518D-3176-930B-474A9C2B7DDC}.Debug|x64.Build.0 = Debug|x64
		{CFE03558-518D-3176-930B-474A9C2B7DDC}.Release|x64.ActiveCfg = Release|x64
		{CFE03558-518D-3176-930B-474A9C2B7DDC}.Release|x64.Build.0 = Release|x64
		{8FB4E66B-3423-3A59-B583-4C8728FFFF49}.Debug|x64.ActiveCfg = Debug|x64
		{8FB4E66B-3423-3A59-B583-4C8728FFFF49}.Debug|x64.Build.0 = Debug|x64
		{8FB4E66B-3423-3A59-B583-4C8728FFFF49}.Release|x64.ActiveCfg = Release|x64
		{8FB4E66B-3423-3A59-B583-4C8728FFFF49}.Release|x64.Build.0 = Release|x64
	EndGlobalSection
	GlobalSection(NestedProjects) = preSolution
		{A01AEB9D-4482-36AC-AA70-279FAB1D3612} = {AEE6B7DF-16CC-3EE7-B24C-2F4C0748941C}
		{E5BD0440-B81B-3A07-BD3E-712D2209AE49} = {AEE6B7DF-16CC-3EE7-B24C-2F4C0748941C}
		{288F86D3-18D2-36FC-A363-FFD7CB99F82E} = {AEE6B7DF-16CC-3EE7-B24C-2F4C0748941C}
		{FD500E19-E8FC-3926-A4BA-2230E3289B31} = {AEE6B7DF-16CC-3EE7-B24C-2F4C0748941C}
		{64E3564E-8C2A-361C-9143-679A7974B5C1} = {AEE6B7DF-16CC-3EE7-B24C-2F4C0748941C}
		{255283C3-8B31-3DE8-BAC5-3D068236E1C8} = {AEE6B7DF-16CC-3EE7-B24C-2F4C0748941C}
		{46148B36-D5A1-32CD-AC47-60BD1FF3B5A7} = {AEE6B7DF-16CC-3EE7-B24C-2F4C0748941C}
		{92B670E4-A13B-31B6-BFB1-9440CAF9E474} = {AEE6B7DF-16CC-3EE7-B24C-2F4C0748941C}
		{8FB4E66B-3423-3A59-B583-4C8728FFFF49} = {AEE6B7DF-16CC-3EE7-B24C-2F4C0748941C}
		{A3D5F625-2CBF-3331-B4D6-EBA33A8C0F74} = {C8DC6347-4ABE-3512-A82C-C8D859CBD7E5}
		{C6B9ED1E-C264-3C6E-A134-C86EE0804A03} = {C8DC6347-4ABE-3512-A82C-C8D859CBD7E5}
		{A38EA7EE-A3A3-3A6F-B267-FC59EFB176F6} = {C8DC6347-4ABE-3512-A82C-C8D859CBD7E5}
		{E3C804B4-6BC3-3049-B79B-DDD04DC1F051} = {C8DC6347-4ABE-3512-A82C-C8D859CBD7E5}
		{247E8046-726D-31D7-B02E-AD186071B46E} = {C8DC6347-4ABE-3512-A82C-C8D859CBD7E5}
		{BA437F58-9C7A-3EE3-9C03-C9430E300D20} = {662CE902-220A-3BB5-AE38-75837DD30422}
		{A5A180D9-5AA3-38D3-A1F9-9942BB19E6DF} = {662CE902-220A-3BB5-AE38-75837DD30422}
		{998BE142-1B28-300F-B923-8F20C83913C7} = {662CE902-220A-3BB5-AE38-75837DD30422}
		{8E680599-77A2-3478-98C3-B2A561D1B98A} = {662CE902-220A-3BB5-AE38-75837DD30422}
		{6CF2DFDF-28CD-3877-9B4D-5FCD99E73728} = {662CE902-220A-3BB5-AE38-75837DD30422}
		{33AEA0B2-23FA-3CFD-850A-77D0B0533A89} = {662CE902-220A-3BB5-AE38-75837DD30422}
		{B884C570-4A31-3F47-BF75-18848088839E} = {662CE902-220A-3BB5-AE38-75837DD30422}
		{13262AF9-029D-3E69-9564-B7E64ADCF4ED} = {389DB692-DDEF-3E41-A784-ACE960C77F27}
		{B9878902-72C1-326D-BD98-D06998B85F82} = {389DB692-DDEF-3E41-A784-ACE960C77F27}
		{11CA0796-F9B6-3834-9E21-B0AE41FB3E34} = {389DB692-DDEF-3E41-A784-ACE960C77F27}
		{03D0B521-B39E-3C54-A17B-1B0322691999} = {389DB692-DDEF-3E41-A784-ACE960C77F27}
		{313BEB84-1395-348F-8224-D0E766A98422} = {389DB692-DDEF-3E41-A784-ACE960C77F27}
		{CFE03558-518D-3176-930B-474A9C2B7DDC} = {389DB692-DDEF-3E41-A784-ACE960C77F27}
		{7D8C206B-5BDC-3415-8EC1-0B262C50BD00} = {CFE9C980-66D8-3B27-A27D-9260E01D1825}
		{B537A3DE-66AD-33D2-BB14-863267F28503} = {ACF9047F-A8C6-3ADF-8399-FFC7ACB14E80}
	EndGlobalSection
	GlobalSection(ExtensibilityGlobals) = postSolution
		SolutionGuid = {5562AF15-86E3-3982-A419-E8BCAFC18085}
	EndGlobalSection
	GlobalSection(ExtensibilityAddIns) = postSolution
	EndGlobalSection
EndGlobal
