<?xml version="1.0" encoding="utf-8"?>
<Project ToolsVersion="16.0" xmlns="http://schemas.microsoft.com/developer/msbuild/2003">
  <ItemGroup>
    <CustomBuild Include="C:\Users\yjs\Downloads\opencv-4.0.0\build\CMakeFiles\9cdd858957d06f9017f8aa0dea0a780a\PACKAGE_force.rule">
      <Filter>CMake Rules</Filter>
    </CustomBuild>
  </ItemGroup>
  <ItemGroup>
    <Filter Include="CMake Rules">
      <UniqueIdentifier>{F3D57576-C712-36F1-A7C8-9A64BCD9022B}</UniqueIdentifier>
    </Filter>
  </ItemGroup>
</Project>
