<?xml version="1.0" encoding="utf-8"?>
<Project ToolsVersion="16.0" xmlns="http://schemas.microsoft.com/developer/msbuild/2003">
  <ItemGroup>
    <ClCompile Include="C:\Users\yjs\Downloads\opencv-4.0.0\modules\video\src\bgfg_KNN.cpp">
      <Filter>Src</Filter>
    </ClCompile>
    <ClCompile Include="C:\Users\yjs\Downloads\opencv-4.0.0\modules\video\src\bgfg_gaussmix2.cpp">
      <Filter>Src</Filter>
    </ClCompile>
    <ClCompile Include="C:\Users\yjs\Downloads\opencv-4.0.0\modules\video\src\camshift.cpp">
      <Filter>Src</Filter>
    </ClCompile>
    <ClCompile Include="C:\Users\yjs\Downloads\opencv-4.0.0\modules\video\src\dis_flow.cpp">
      <Filter>Src</Filter>
    </ClCompile>
    <ClCompile Include="C:\Users\yjs\Downloads\opencv-4.0.0\modules\video\src\ecc.cpp">
      <Filter>Src</Filter>
    </ClCompile>
    <ClCompile Include="C:\Users\yjs\Downloads\opencv-4.0.0\modules\video\src\kalman.cpp">
      <Filter>Src</Filter>
    </ClCompile>
    <ClCompile Include="C:\Users\yjs\Downloads\opencv-4.0.0\modules\video\src\lkpyramid.cpp">
      <Filter>Src</Filter>
    </ClCompile>
    <ClCompile Include="C:\Users\yjs\Downloads\opencv-4.0.0\modules\video\src\optflowgf.cpp">
      <Filter>Src</Filter>
    </ClCompile>
    <ClCompile Include="C:\Users\yjs\Downloads\opencv-4.0.0\modules\video\src\optical_flow_io.cpp">
      <Filter>Src</Filter>
    </ClCompile>
    <ClCompile Include="C:\Users\yjs\Downloads\opencv-4.0.0\modules\video\src\variational_refinement.cpp">
      <Filter>Src</Filter>
    </ClCompile>
    <ClCompile Include="C:\Users\yjs\Downloads\opencv-4.0.0\build\modules\video\opencl_kernels_video.cpp">
      <Filter>Src\opencl\kernels\autogenerated</Filter>
    </ClCompile>
    <ClCompile Include="C:\Users\yjs\Downloads\opencv-4.0.0\build\modules\video\opencv_video_pch.cpp">
      <Filter>Src</Filter>
    </ClCompile>
    <ClCompile Include="C:\Users\yjs\Downloads\opencv-4.0.0\build\modules\video\opencv_video_main.cpp">
      <Filter>Source Files</Filter>
    </ClCompile>
  </ItemGroup>
  <ItemGroup>
    <ClInclude Include="C:\Users\yjs\Downloads\opencv-4.0.0\modules\video\include\opencv2\video.hpp">
      <Filter>Include\opencv2</Filter>
    </ClInclude>
    <ClInclude Include="C:\Users\yjs\Downloads\opencv-4.0.0\modules\video\include\opencv2\video\background_segm.hpp">
      <Filter>Include\opencv2\video</Filter>
    </ClInclude>
    <ClInclude Include="C:\Users\yjs\Downloads\opencv-4.0.0\modules\video\include\opencv2\video\tracking.hpp">
      <Filter>Include\opencv2\video</Filter>
    </ClInclude>
    <ClInclude Include="C:\Users\yjs\Downloads\opencv-4.0.0\modules\video\include\opencv2\video\video.hpp">
      <Filter>Include\opencv2\video</Filter>
    </ClInclude>
    <ClInclude Include="C:\Users\yjs\Downloads\opencv-4.0.0\build\modules\video\opencl_kernels_video.hpp">
      <Filter>Src\opencl\kernels\autogenerated</Filter>
    </ClInclude>
    <ClInclude Include="C:\Users\yjs\Downloads\opencv-4.0.0\modules\video\src\lkpyramid.hpp">
      <Filter>Src</Filter>
    </ClInclude>
    <ClInclude Include="C:\Users\yjs\Downloads\opencv-4.0.0\modules\video\src\precomp.hpp">
      <Filter>Src</Filter>
    </ClInclude>
    <ClInclude Include="C:\Users\yjs\Downloads\opencv-4.0.0\build\cvconfig.h">
      <Filter>Include</Filter>
    </ClInclude>
    <ClInclude Include="C:\Users\yjs\Downloads\opencv-4.0.0\build\opencv2\opencv_modules.hpp">
      <Filter>Include</Filter>
    </ClInclude>
  </ItemGroup>
  <ItemGroup>
    <CustomBuild Include="C:\Users\yjs\Downloads\opencv-4.0.0\build\CMakeFiles\70b2a604b7edbdbdabbdaa58b4e6df46\opencl_kernels_video.cpp.rule">
      <Filter>CMake Rules</Filter>
    </CustomBuild>
    <CustomBuild Include="C:\Users\yjs\Downloads\opencv-4.0.0\modules\video\CMakeLists.txt" />
  </ItemGroup>
  <ItemGroup>
    <None Include="C:\Users\yjs\Downloads\opencv-4.0.0\modules\video\src\opencl\bgfg_knn.cl">
      <Filter>Src\opencl\kernels</Filter>
    </None>
    <None Include="C:\Users\yjs\Downloads\opencv-4.0.0\modules\video\src\opencl\bgfg_mog2.cl">
      <Filter>Src\opencl\kernels</Filter>
    </None>
    <None Include="C:\Users\yjs\Downloads\opencv-4.0.0\modules\video\src\opencl\dis_flow.cl">
      <Filter>Src\opencl\kernels</Filter>
    </None>
    <None Include="C:\Users\yjs\Downloads\opencv-4.0.0\modules\video\src\opencl\optical_flow_farneback.cl">
      <Filter>Src\opencl\kernels</Filter>
    </None>
    <None Include="C:\Users\yjs\Downloads\opencv-4.0.0\modules\video\src\opencl\pyrlk.cl">
      <Filter>Src\opencl\kernels</Filter>
    </None>
  </ItemGroup>
  <ItemGroup>
    <ResourceCompile Include="C:\Users\yjs\Downloads\opencv-4.0.0\build\modules\video\vs_version.rc">
      <Filter>Src</Filter>
    </ResourceCompile>
  </ItemGroup>
  <ItemGroup>
    <Filter Include="CMake Rules">
      <UniqueIdentifier>{F3D57576-C712-36F1-A7C8-9A64BCD9022B}</UniqueIdentifier>
    </Filter>
    <Filter Include="Include">
      <UniqueIdentifier>{05C1B215-29AA-3C78-9678-6DC79D2EA233}</UniqueIdentifier>
    </Filter>
    <Filter Include="Include\opencv2">
      <UniqueIdentifier>{3473074F-7FA7-3E0F-B6D7-86F01064A2F8}</UniqueIdentifier>
    </Filter>
    <Filter Include="Include\opencv2\video">
      <UniqueIdentifier>{8FA5D93B-5206-3C3F-AEAB-F906FB295D8E}</UniqueIdentifier>
    </Filter>
    <Filter Include="Source Files">
      <UniqueIdentifier>{2751A05C-4795-35BF-83E0-DC6BF53FDADC}</UniqueIdentifier>
    </Filter>
    <Filter Include="Src">
      <UniqueIdentifier>{CBA23A07-7AC5-3B8A-972E-02D7AF4AEAB5}</UniqueIdentifier>
    </Filter>
    <Filter Include="Src\opencl">
      <UniqueIdentifier>{FEEF62F8-4326-3F19-89B0-3D256BFDB4B5}</UniqueIdentifier>
    </Filter>
    <Filter Include="Src\opencl\kernels">
      <UniqueIdentifier>{08E7646A-7BE3-38D5-9FDA-3733D83B8172}</UniqueIdentifier>
    </Filter>
    <Filter Include="Src\opencl\kernels\autogenerated">
      <UniqueIdentifier>{FF054349-6B9A-3D59-9CC6-57060A270118}</UniqueIdentifier>
    </Filter>
  </ItemGroup>
</Project>
