
Microsoft Visual Studio Solution File, Format Version 12.00
# Visual Studio Version 16
Project("{2150E333-8FDC-42A3-9474-1A3956D46DE8}") = "3rdparty", "3rdparty", "{AEE6B7DF-16CC-3EE7-B24C-2F4C0748941C}"
EndProject
Project("{2150E333-8FDC-42A3-9474-1A3956D46DE8}") = "CMakeTargets", "CMakeTargets", "{C8DC6347-4ABE-3512-A82C-C8D859CBD7E5}"
EndProject
Project("{2150E333-8FDC-42A3-9474-1A3956D46DE8}") = "applications", "applications", "{1907847F-FB6D-36CD-BA94-0B413A29E0B4}"
EndProject
Project("{2150E333-8FDC-42A3-9474-1A3956D46DE8}") = "dispatched", "dispatched", "{662CE902-220A-3BB5-AE38-75837DD30422}"
EndProject
Project("{2150E333-8FDC-42A3-9474-1A3956D46DE8}") = "modules", "modules", "{389DB692-DDEF-3E41-A784-ACE960C77F27}"
EndProject
Project("{8BC9CEB8-8B4A-11D0-8D11-00A0C91BC942}") = "ALL_BUILD", "ALL_BUILD.vcxproj", "{A3D5F625-2CBF-3331-B4D6-EBA33A8C0F74}"
	ProjectSection(ProjectDependencies) = postProject
		{247E8046-726D-31D7-B02E-AD186071B46E} = {247E8046-726D-31D7-B02E-AD186071B46E}
		{484AEAC1-16BA-3C72-9B0A-9F1C8B63064A} = {484AEAC1-16BA-3C72-9B0A-9F1C8B63064A}
		{434C79C3-05E2-3D36-B7F3-9FCBBD6F9FB6} = {434C79C3-05E2-3D36-B7F3-9FCBBD6F9FB6}
	EndProjectSection
EndProject
Project("{8BC9CEB8-8B4A-11D0-8D11-00A0C91BC942}") = "INSTALL", "INSTALL.vcxproj", "{C6B9ED1E-C264-3C6E-A134-C86EE0804A03}"
	ProjectSection(ProjectDependencies) = postProject
		{A3D5F625-2CBF-3331-B4D6-EBA33A8C0F74} = {A3D5F625-2CBF-3331-B4D6-EBA33A8C0F74}
		{247E8046-726D-31D7-B02E-AD186071B46E} = {247E8046-726D-31D7-B02E-AD186071B46E}
	EndProjectSection
EndProject
Project("{8BC9CEB8-8B4A-11D0-8D11-00A0C91BC942}") = "PACKAGE", "PACKAGE.vcxproj", "{A38EA7EE-A3A3-3A6F-B267-FC59EFB176F6}"
	ProjectSection(ProjectDependencies) = postProject
		{A3D5F625-2CBF-3331-B4D6-EBA33A8C0F74} = {A3D5F625-2CBF-3331-B4D6-EBA33A8C0F74}
		{247E8046-726D-31D7-B02E-AD186071B46E} = {247E8046-726D-31D7-B02E-AD186071B46E}
	EndProjectSection
EndProject
Project("{8BC9CEB8-8B4A-11D0-8D11-00A0C91BC942}") = "RUN_TESTS", "RUN_TESTS.vcxproj", "{E3C804B4-6BC3-3049-B79B-DDD04DC1F051}"
	ProjectSection(ProjectDependencies) = postProject
		{247E8046-726D-31D7-B02E-AD186071B46E} = {247E8046-726D-31D7-B02E-AD186071B46E}
	EndProjectSection
EndProject
Project("{8BC9CEB8-8B4A-11D0-8D11-00A0C91BC942}") = "ZERO_CHECK", "..\..\\ZERO_CHECK.vcxproj", "{247E8046-726D-31D7-B02E-AD186071B46E}"
	ProjectSection(ProjectDependencies) = postProject
	EndProjectSection
EndProject
Project("{8BC9CEB8-8B4A-11D0-8D11-00A0C91BC942}") = "ippiw", "..\..\3rdparty\ippiw\ippiw.vcxproj", "{E5BD0440-B81B-3A07-BD3E-712D2209AE49}"
	ProjectSection(ProjectDependencies) = postProject
		{247E8046-726D-31D7-B02E-AD186071B46E} = {247E8046-726D-31D7-B02E-AD186071B46E}
	EndProjectSection
EndProject
Project("{8BC9CEB8-8B4A-11D0-8D11-00A0C91BC942}") = "ittnotify", "..\..\3rdparty\ittnotify\ittnotify.vcxproj", "{288F86D3-18D2-36FC-A363-FFD7CB99F82E}"
	ProjectSection(ProjectDependencies) = postProject
		{247E8046-726D-31D7-B02E-AD186071B46E} = {247E8046-726D-31D7-B02E-AD186071B46E}
	EndProjectSection
EndProject
Project("{8BC9CEB8-8B4A-11D0-8D11-00A0C91BC942}") = "opencv_core", "..\..\modules\core\opencv_core.vcxproj", "{13262AF9-029D-3E69-9564-B7E64ADCF4ED}"
	ProjectSection(ProjectDependencies) = postProject
		{247E8046-726D-31D7-B02E-AD186071B46E} = {247E8046-726D-31D7-B02E-AD186071B46E}
		{E5BD0440-B81B-3A07-BD3E-712D2209AE49} = {E5BD0440-B81B-3A07-BD3E-712D2209AE49}
		{288F86D3-18D2-36FC-A363-FFD7CB99F82E} = {288F86D3-18D2-36FC-A363-FFD7CB99F82E}
		{BA437F58-9C7A-3EE3-9C03-C9430E300D20} = {BA437F58-9C7A-3EE3-9C03-C9430E300D20}
		{A5A180D9-5AA3-38D3-A1F9-9942BB19E6DF} = {A5A180D9-5AA3-38D3-A1F9-9942BB19E6DF}
		{998BE142-1B28-300F-B923-8F20C83913C7} = {998BE142-1B28-300F-B923-8F20C83913C7}
		{8E680599-77A2-3478-98C3-B2A561D1B98A} = {8E680599-77A2-3478-98C3-B2A561D1B98A}
		{8FB4E66B-3423-3A59-B583-4C8728FFFF49} = {8FB4E66B-3423-3A59-B583-4C8728FFFF49}
	EndProjectSection
EndProject
Project("{8BC9CEB8-8B4A-11D0-8D11-00A0C91BC942}") = "opencv_core_AVX", "..\..\modules\core\opencv_core_AVX.vcxproj", "{BA437F58-9C7A-3EE3-9C03-C9430E300D20}"
	ProjectSection(ProjectDependencies) = postProject
		{247E8046-726D-31D7-B02E-AD186071B46E} = {247E8046-726D-31D7-B02E-AD186071B46E}
	EndProjectSection
EndProject
Project("{8BC9CEB8-8B4A-11D0-8D11-00A0C91BC942}") = "opencv_core_AVX2", "..\..\modules\core\opencv_core_AVX2.vcxproj", "{A5A180D9-5AA3-38D3-A1F9-9942BB19E6DF}"
	ProjectSection(ProjectDependencies) = postProject
		{247E8046-726D-31D7-B02E-AD186071B46E} = {247E8046-726D-31D7-B02E-AD186071B46E}
	EndProjectSection
EndProject
Project("{8BC9CEB8-8B4A-11D0-8D11-00A0C91BC942}") = "opencv_core_SSE4_1", "..\..\modules\core\opencv_core_SSE4_1.vcxproj", "{998BE142-1B28-300F-B923-8F20C83913C7}"
	ProjectSection(ProjectDependencies) = postProject
		{247E8046-726D-31D7-B02E-AD186071B46E} = {247E8046-726D-31D7-B02E-AD186071B46E}
	EndProjectSection
EndProject
Project("{8BC9CEB8-8B4A-11D0-8D11-00A0C91BC942}") = "opencv_core_SSE4_2", "..\..\modules\core\opencv_core_SSE4_2.vcxproj", "{8E680599-77A2-3478-98C3-B2A561D1B98A}"
	ProjectSection(ProjectDependencies) = postProject
		{247E8046-726D-31D7-B02E-AD186071B46E} = {247E8046-726D-31D7-B02E-AD186071B46E}
	EndProjectSection
EndProject
Project("{8BC9CEB8-8B4A-11D0-8D11-00A0C91BC942}") = "opencv_version", "opencv_version.vcxproj", "{484AEAC1-16BA-3C72-9B0A-9F1C8B63064A}"
	ProjectSection(ProjectDependencies) = postProject
		{247E8046-726D-31D7-B02E-AD186071B46E} = {247E8046-726D-31D7-B02E-AD186071B46E}
		{E5BD0440-B81B-3A07-BD3E-712D2209AE49} = {E5BD0440-B81B-3A07-BD3E-712D2209AE49}
		{13262AF9-029D-3E69-9564-B7E64ADCF4ED} = {13262AF9-029D-3E69-9564-B7E64ADCF4ED}
	EndProjectSection
EndProject
Project("{8BC9CEB8-8B4A-11D0-8D11-00A0C91BC942}") = "opencv_version_win32", "opencv_version_win32.vcxproj", "{434C79C3-05E2-3D36-B7F3-9FCBBD6F9FB6}"
	ProjectSection(ProjectDependencies) = postProject
		{247E8046-726D-31D7-B02E-AD186071B46E} = {247E8046-726D-31D7-B02E-AD186071B46E}
		{E5BD0440-B81B-3A07-BD3E-712D2209AE49} = {E5BD0440-B81B-3A07-BD3E-712D2209AE49}
		{13262AF9-029D-3E69-9564-B7E64ADCF4ED} = {13262AF9-029D-3E69-9564-B7E64ADCF4ED}
	EndProjectSection
EndProject
Project("{8BC9CEB8-8B4A-11D0-8D11-00A0C91BC942}") = "zlib", "..\..\3rdparty\zlib\zlib.vcxproj", "{8FB4E66B-3423-3A59-B583-4C8728FFFF49}"
	ProjectSection(ProjectDependencies) = postProject
		{247E8046-726D-31D7-B02E-AD186071B46E} = {247E8046-726D-31D7-B02E-AD186071B46E}
	EndProjectSection
EndProject
Global
	GlobalSection(SolutionConfigurationPlatforms) = preSolution
		Debug|x64 = Debug|x64
		Release|x64 = Release|x64
	EndGlobalSection
	GlobalSection(ProjectConfigurationPlatforms) = postSolution
		{A3D5F625-2CBF-3331-B4D6-EBA33A8C0F74}.Debug|x64.ActiveCfg = Debug|x64
		{A3D5F625-2CBF-3331-B4D6-EBA33A8C0F74}.Debug|x64.Build.0 = Debug|x64
		{A3D5F625-2CBF-3331-B4D6-EBA33A8C0F74}.Release|x64.ActiveCfg = Release|x64
		{A3D5F625-2CBF-3331-B4D6-EBA33A8C0F74}.Release|x64.Build.0 = Release|x64
		{C6B9ED1E-C264-3C6E-A134-C86EE0804A03}.Debug|x64.ActiveCfg = Debug|x64
		{C6B9ED1E-C264-3C6E-A134-C86EE0804A03}.Release|x64.ActiveCfg = Release|x64
		{A38EA7EE-A3A3-3A6F-B267-FC59EFB176F6}.Debug|x64.ActiveCfg = Debug|x64
		{A38EA7EE-A3A3-3A6F-B267-FC59EFB176F6}.Release|x64.ActiveCfg = Release|x64
		{E3C804B4-6BC3-3049-B79B-DDD04DC1F051}.Debug|x64.ActiveCfg = Debug|x64
		{E3C804B4-6BC3-3049-B79B-DDD04DC1F051}.Release|x64.ActiveCfg = Release|x64
		{247E8046-726D-31D7-B02E-AD186071B46E}.Debug|x64.ActiveCfg = Debug|x64
		{247E8046-726D-31D7-B02E-AD186071B46E}.Debug|x64.Build.0 = Debug|x64
		{247E8046-726D-31D7-B02E-AD186071B46E}.Release|x64.ActiveCfg = Release|x64
		{247E8046-726D-31D7-B02E-AD186071B46E}.Release|x64.Build.0 = Release|x64
		{E5BD0440-B81B-3A07-BD3E-712D2209AE49}.Debug|x64.ActiveCfg = Debug|x64
		{E5BD0440-B81B-3A07-BD3E-712D2209AE49}.Debug|x64.Build.0 = Debug|x64
		{E5BD0440-B81B-3A07-BD3E-712D2209AE49}.Release|x64.ActiveCfg = Release|x64
		{E5BD0440-B81B-3A07-BD3E-712D2209AE49}.Release|x64.Build.0 = Release|x64
		{288F86D3-18D2-36FC-A363-FFD7CB99F82E}.Debug|x64.ActiveCfg = Debug|x64
		{288F86D3-18D2-36FC-A363-FFD7CB99F82E}.Debug|x64.Build.0 = Debug|x64
		{288F86D3-18D2-36FC-A363-FFD7CB99F82E}.Release|x64.ActiveCfg = Release|x64
		{288F86D3-18D2-36FC-A363-FFD7CB99F82E}.Release|x64.Build.0 = Release|x64
		{13262AF9-029D-3E69-9564-B7E64ADCF4ED}.Debug|x64.ActiveCfg = Debug|x64
		{13262AF9-029D-3E69-9564-B7E64ADCF4ED}.Debug|x64.Build.0 = Debug|x64
		{13262AF9-029D-3E69-9564-B7E64ADCF4ED}.Release|x64.ActiveCfg = Release|x64
		{13262AF9-029D-3E69-9564-B7E64ADCF4ED}.Release|x64.Build.0 = Release|x64
		{BA437F58-9C7A-3EE3-9C03-C9430E300D20}.Debug|x64.ActiveCfg = Debug|x64
		{BA437F58-9C7A-3EE3-9C03-C9430E300D20}.Debug|x64.Build.0 = Debug|x64
		{BA437F58-9C7A-3EE3-9C03-C9430E300D20}.Release|x64.ActiveCfg = Release|x64
		{BA437F58-9C7A-3EE3-9C03-C9430E300D20}.Release|x64.Build.0 = Release|x64
		{A5A180D9-5AA3-38D3-A1F9-9942BB19E6DF}.Debug|x64.ActiveCfg = Debug|x64
		{A5A180D9-5AA3-38D3-A1F9-9942BB19E6DF}.Debug|x64.Build.0 = Debug|x64
		{A5A180D9-5AA3-38D3-A1F9-9942BB19E6DF}.Release|x64.ActiveCfg = Release|x64
		{A5A180D9-5AA3-38D3-A1F9-9942BB19E6DF}.Release|x64.Build.0 = Release|x64
		{998BE142-1B28-300F-B923-8F20C83913C7}.Debug|x64.ActiveCfg = Debug|x64
		{998BE142-1B28-300F-B923-8F20C83913C7}.Debug|x64.Build.0 = Debug|x64
		{998BE142-1B28-300F-B923-8F20C83913C7}.Release|x64.ActiveCfg = Release|x64
		{998BE142-1B28-300F-B923-8F20C83913C7}.Release|x64.Build.0 = Release|x64
		{8E680599-77A2-3478-98C3-B2A561D1B98A}.Debug|x64.ActiveCfg = Debug|x64
		{8E680599-77A2-3478-98C3-B2A561D1B98A}.Debug|x64.Build.0 = Debug|x64
		{8E680599-77A2-3478-98C3-B2A561D1B98A}.Release|x64.ActiveCfg = Release|x64
		{8E680599-77A2-3478-98C3-B2A561D1B98A}.Release|x64.Build.0 = Release|x64
		{484AEAC1-16BA-3C72-9B0A-9F1C8B63064A}.Debug|x64.ActiveCfg = Debug|x64
		{484AEAC1-16BA-3C72-9B0A-9F1C8B63064A}.Debug|x64.Build.0 = Debug|x64
		{484AEAC1-16BA-3C72-9B0A-9F1C8B63064A}.Release|x64.ActiveCfg = Release|x64
		{484AEAC1-16BA-3C72-9B0A-9F1C8B63064A}.Release|x64.Build.0 = Release|x64
		{434C79C3-05E2-3D36-B7F3-9FCBBD6F9FB6}.Debug|x64.ActiveCfg = Debug|x64
		{434C79C3-05E2-3D36-B7F3-9FCBBD6F9FB6}.Debug|x64.Build.0 = Debug|x64
		{434C79C3-05E2-3D36-B7F3-9FCBBD6F9FB6}.Release|x64.ActiveCfg = Release|x64
		{434C79C3-05E2-3D36-B7F3-9FCBBD6F9FB6}.Release|x64.Build.0 = Release|x64
		{8FB4E66B-3423-3A59-B583-4C8728FFFF49}.Debug|x64.ActiveCfg = Debug|x64
		{8FB4E66B-3423-3A59-B583-4C8728FFFF49}.Debug|x64.Build.0 = Debug|x64
		{8FB4E66B-3423-3A59-B583-4C8728FFFF49}.Release|x64.ActiveCfg = Release|x64
		{8FB4E66B-3423-3A59-B583-4C8728FFFF49}.Release|x64.Build.0 = Release|x64
	EndGlobalSection
	GlobalSection(NestedProjects) = preSolution
		{E5BD0440-B81B-3A07-BD3E-712D2209AE49} = {AEE6B7DF-16CC-3EE7-B24C-2F4C0748941C}
		{288F86D3-18D2-36FC-A363-FFD7CB99F82E} = {AEE6B7DF-16CC-3EE7-B24C-2F4C0748941C}
		{8FB4E66B-3423-3A59-B583-4C8728FFFF49} = {AEE6B7DF-16CC-3EE7-B24C-2F4C0748941C}
		{A3D5F625-2CBF-3331-B4D6-EBA33A8C0F74} = {C8DC6347-4ABE-3512-A82C-C8D859CBD7E5}
		{C6B9ED1E-C264-3C6E-A134-C86EE0804A03} = {C8DC6347-4ABE-3512-A82C-C8D859CBD7E5}
		{A38EA7EE-A3A3-3A6F-B267-FC59EFB176F6} = {C8DC6347-4ABE-3512-A82C-C8D859CBD7E5}
		{E3C804B4-6BC3-3049-B79B-DDD04DC1F051} = {C8DC6347-4ABE-3512-A82C-C8D859CBD7E5}
		{247E8046-726D-31D7-B02E-AD186071B46E} = {C8DC6347-4ABE-3512-A82C-C8D859CBD7E5}
		{484AEAC1-16BA-3C72-9B0A-9F1C8B63064A} = {1907847F-FB6D-36CD-BA94-0B413A29E0B4}
		{434C79C3-05E2-3D36-B7F3-9FCBBD6F9FB6} = {1907847F-FB6D-36CD-BA94-0B413A29E0B4}
		{BA437F58-9C7A-3EE3-9C03-C9430E300D20} = {662CE902-220A-3BB5-AE38-75837DD30422}
		{A5A180D9-5AA3-38D3-A1F9-9942BB19E6DF} = {662CE902-220A-3BB5-AE38-75837DD30422}
		{998BE142-1B28-300F-B923-8F20C83913C7} = {662CE902-220A-3BB5-AE38-75837DD30422}
		{8E680599-77A2-3478-98C3-B2A561D1B98A} = {662CE902-220A-3BB5-AE38-75837DD30422}
		{13262AF9-029D-3E69-9564-B7E64ADCF4ED} = {389DB692-DDEF-3E41-A784-ACE960C77F27}
	EndGlobalSection
	GlobalSection(ExtensibilityGlobals) = postSolution
		SolutionGuid = {4F8C319B-270E-322A-8952-70403B1F45BE}
	EndGlobalSection
	GlobalSection(ExtensibilityAddIns) = postSolution
	EndGlobalSection
EndGlobal
